// !$*UTF8*$!
{
	archiveVersion = 1;
	classes = {
	};
	objectVersion = 55;
	objects = {

/* Begin PBXBuildFile section */
		A3351AEFFF2B92BF65D96324 /* Pods_Rocket_Launcher.framework in Frameworks */ = {isa = PBXBuildFile; fileRef = 88EB6CA8934FDBA3034D4012 /* Pods_Rocket_Launcher.framework */; };
		EA3042BF28858D7E00C15B9C /* InfoScreenViewModel.swift in Sources */ = {isa = PBXBuildFile; fileRef = EA3042BE28858D7E00C15B9C /* InfoScreenViewModel.swift */; };
		EA3A1B7C28689D8900987CBB /* AppDelegate.swift in Sources */ = {isa = PBXBuildFile; fileRef = EA3A1B7B28689D8900987CBB /* AppDelegate.swift */; };
		EA3A1B7E28689D8900987CBB /* SceneDelegate.swift in Sources */ = {isa = PBXBuildFile; fileRef = EA3A1B7D28689D8900987CBB /* SceneDelegate.swift */; };
		EA3A1B8028689D8900987CBB /* InfoScreenViewController.swift in Sources */ = {isa = PBXBuildFile; fileRef = EA3A1B7F28689D8900987CBB /* InfoScreenViewController.swift */; };
		EA3A1B8328689D8900987CBB /* Main.storyboard in Resources */ = {isa = PBXBuildFile; fileRef = EA3A1B8128689D8900987CBB /* Main.storyboard */; };
		EA3A1B8528689D8A00987CBB /* Assets.xcassets in Resources */ = {isa = PBXBuildFile; fileRef = EA3A1B8428689D8A00987CBB /* Assets.xcassets */; };
		EA3A1B8828689D8A00987CBB /* LaunchScreen.storyboard in Resources */ = {isa = PBXBuildFile; fileRef = EA3A1B8628689D8A00987CBB /* LaunchScreen.storyboard */; };
		EA3A1B982868A78300987CBB /* LaunchScreenViewController.swift in Sources */ = {isa = PBXBuildFile; fileRef = EA3A1B972868A78300987CBB /* LaunchScreenViewController.swift */; };
		EA3A1B9A2868A7A300987CBB /* SettingsScreenViewController.swift in Sources */ = {isa = PBXBuildFile; fileRef = EA3A1B992868A7A300987CBB /* SettingsScreenViewController.swift */; };
		EA3A1BA02868B44C00987CBB /* RocketStruct.swift in Sources */ = {isa = PBXBuildFile; fileRef = EA3A1B9F2868B44C00987CBB /* RocketStruct.swift */; };
		EA4D1393288AB20F00700DA1 /* InfoPageViewController.swift in Sources */ = {isa = PBXBuildFile; fileRef = EA4D1392288AB20F00700DA1 /* InfoPageViewController.swift */; };
		EA50C27F288D43610069F7E7 /* LaunchCell.swift in Sources */ = {isa = PBXBuildFile; fileRef = EA50C27E288D43610069F7E7 /* LaunchCell.swift */; };
		EA50C281288D43730069F7E7 /* LaunchCellViewModel.swift in Sources */ = {isa = PBXBuildFile; fileRef = EA50C280288D43730069F7E7 /* LaunchCellViewModel.swift */; };
		EA50C283288D43D90069F7E7 /* LaunchCellView.swift in Sources */ = {isa = PBXBuildFile; fileRef = EA50C282288D43D90069F7E7 /* LaunchCellView.swift */; };
		EA91F6602887FC7600B63A4D /* Extensions.swift in Sources */ = {isa = PBXBuildFile; fileRef = EA91F65F2887FC7600B63A4D /* Extensions.swift */; };
		EAAC4B222889274A00BC2414 /* InfoScreenCollectionView.swift in Sources */ = {isa = PBXBuildFile; fileRef = EAAC4B212889274A00BC2414 /* InfoScreenCollectionView.swift */; };
		EAAC4B2528892ABB00BC2414 /* ParametrsCell.swift in Sources */ = {isa = PBXBuildFile; fileRef = EAAC4B2428892ABB00BC2414 /* ParametrsCell.swift */; };
		EAAC4B2728892FF000BC2414 /* Layout.swift in Sources */ = {isa = PBXBuildFile; fileRef = EAAC4B2628892FF000BC2414 /* Layout.swift */; };
		EAAC4B2A28897E0000BC2414 /* LabelCell.swift in Sources */ = {isa = PBXBuildFile; fileRef = EAAC4B2928897E0000BC2414 /* LabelCell.swift */; };
		EAAC4B302889829200BC2414 /* SetupLabels.swift in Sources */ = {isa = PBXBuildFile; fileRef = EAAC4B2F2889829200BC2414 /* SetupLabels.swift */; };
		EABEEFE62868B9B9002E4D4D /* JSONParser.swift in Sources */ = {isa = PBXBuildFile; fileRef = EABEEFE52868B9B9002E4D4D /* JSONParser.swift */; };
		EAD0FB1B288C679900C47176 /* LaunchStruct.swift in Sources */ = {isa = PBXBuildFile; fileRef = EAD0FB1A288C679900C47176 /* LaunchStruct.swift */; };
		EAD70A0B288C080B00672CD6 /* SettingsCellViewModel.swift in Sources */ = {isa = PBXBuildFile; fileRef = EAD70A0A288C080B00672CD6 /* SettingsCellViewModel.swift */; };
		EAD70A0D288C081F00672CD6 /* SettingsCell.swift in Sources */ = {isa = PBXBuildFile; fileRef = EAD70A0C288C081F00672CD6 /* SettingsCell.swift */; };
/* End PBXBuildFile section */

/* Begin PBXFileReference section */
		225DDEDFC1C3F5E8C72966DD /* Pods-Rocket Launcher.release.xcconfig */ = {isa = PBXFileReference; includeInIndex = 1; lastKnownFileType = text.xcconfig; name = "Pods-Rocket Launcher.release.xcconfig"; path = "Target Support Files/Pods-Rocket Launcher/Pods-Rocket Launcher.release.xcconfig"; sourceTree = "<group>"; };
		88EB6CA8934FDBA3034D4012 /* Pods_Rocket_Launcher.framework */ = {isa = PBXFileReference; explicitFileType = wrapper.framework; includeInIndex = 0; path = Pods_Rocket_Launcher.framework; sourceTree = BUILT_PRODUCTS_DIR; };
		99FBC16584048B11A46F60ED /* Pods-Rocket Launcher.debug.xcconfig */ = {isa = PBXFileReference; includeInIndex = 1; lastKnownFileType = text.xcconfig; name = "Pods-Rocket Launcher.debug.xcconfig"; path = "Target Support Files/Pods-Rocket Launcher/Pods-Rocket Launcher.debug.xcconfig"; sourceTree = "<group>"; };
		EA3042BE28858D7E00C15B9C /* InfoScreenViewModel.swift */ = {isa = PBXFileReference; lastKnownFileType = sourcecode.swift; path = InfoScreenViewModel.swift; sourceTree = "<group>"; };
		EA3A1B7828689D8900987CBB /* Rocket Launcher.app */ = {isa = PBXFileReference; explicitFileType = wrapper.application; includeInIndex = 0; path = "Rocket Launcher.app"; sourceTree = BUILT_PRODUCTS_DIR; };
		EA3A1B7B28689D8900987CBB /* AppDelegate.swift */ = {isa = PBXFileReference; lastKnownFileType = sourcecode.swift; path = AppDelegate.swift; sourceTree = "<group>"; };
		EA3A1B7D28689D8900987CBB /* SceneDelegate.swift */ = {isa = PBXFileReference; lastKnownFileType = sourcecode.swift; path = SceneDelegate.swift; sourceTree = "<group>"; };
		EA3A1B7F28689D8900987CBB /* InfoScreenViewController.swift */ = {isa = PBXFileReference; lastKnownFileType = sourcecode.swift; path = InfoScreenViewController.swift; sourceTree = "<group>"; };
		EA3A1B8228689D8900987CBB /* Base */ = {isa = PBXFileReference; lastKnownFileType = file.storyboard; name = Base; path = Base.lproj/Main.storyboard; sourceTree = "<group>"; };
		EA3A1B8428689D8A00987CBB /* Assets.xcassets */ = {isa = PBXFileReference; lastKnownFileType = folder.assetcatalog; path = Assets.xcassets; sourceTree = "<group>"; };
		EA3A1B8728689D8A00987CBB /* Base */ = {isa = PBXFileReference; lastKnownFileType = file.storyboard; name = Base; path = Base.lproj/LaunchScreen.storyboard; sourceTree = "<group>"; };
		EA3A1B8928689D8A00987CBB /* Info.plist */ = {isa = PBXFileReference; lastKnownFileType = text.plist.xml; path = Info.plist; sourceTree = "<group>"; };
		EA3A1B972868A78300987CBB /* LaunchScreenViewController.swift */ = {isa = PBXFileReference; lastKnownFileType = sourcecode.swift; path = LaunchScreenViewController.swift; sourceTree = "<group>"; };
		EA3A1B992868A7A300987CBB /* SettingsScreenViewController.swift */ = {isa = PBXFileReference; lastKnownFileType = sourcecode.swift; path = SettingsScreenViewController.swift; sourceTree = "<group>"; };
		EA3A1B9F2868B44C00987CBB /* RocketStruct.swift */ = {isa = PBXFileReference; lastKnownFileType = sourcecode.swift; path = RocketStruct.swift; sourceTree = "<group>"; };
		EA4D1392288AB20F00700DA1 /* InfoPageViewController.swift */ = {isa = PBXFileReference; lastKnownFileType = sourcecode.swift; path = InfoPageViewController.swift; sourceTree = "<group>"; };
		EA50C27E288D43610069F7E7 /* LaunchCell.swift */ = {isa = PBXFileReference; lastKnownFileType = sourcecode.swift; path = LaunchCell.swift; sourceTree = "<group>"; };
		EA50C280288D43730069F7E7 /* LaunchCellViewModel.swift */ = {isa = PBXFileReference; lastKnownFileType = sourcecode.swift; path = LaunchCellViewModel.swift; sourceTree = "<group>"; };
		EA50C282288D43D90069F7E7 /* LaunchCellView.swift */ = {isa = PBXFileReference; lastKnownFileType = sourcecode.swift; path = LaunchCellView.swift; sourceTree = "<group>"; };
		EA91F65F2887FC7600B63A4D /* Extensions.swift */ = {isa = PBXFileReference; lastKnownFileType = sourcecode.swift; path = Extensions.swift; sourceTree = "<group>"; };
		EAAC4B212889274A00BC2414 /* InfoScreenCollectionView.swift */ = {isa = PBXFileReference; lastKnownFileType = sourcecode.swift; path = InfoScreenCollectionView.swift; sourceTree = "<group>"; };
		EAAC4B2428892ABB00BC2414 /* ParametrsCell.swift */ = {isa = PBXFileReference; lastKnownFileType = sourcecode.swift; path = ParametrsCell.swift; sourceTree = "<group>"; };
		EAAC4B2628892FF000BC2414 /* Layout.swift */ = {isa = PBXFileReference; lastKnownFileType = sourcecode.swift; path = Layout.swift; sourceTree = "<group>"; };
		EAAC4B2928897E0000BC2414 /* LabelCell.swift */ = {isa = PBXFileReference; lastKnownFileType = sourcecode.swift; path = LabelCell.swift; sourceTree = "<group>"; };
		EAAC4B2F2889829200BC2414 /* SetupLabels.swift */ = {isa = PBXFileReference; lastKnownFileType = sourcecode.swift; path = SetupLabels.swift; sourceTree = "<group>"; };
		EABEEFE52868B9B9002E4D4D /* JSONParser.swift */ = {isa = PBXFileReference; lastKnownFileType = sourcecode.swift; path = JSONParser.swift; sourceTree = "<group>"; };
		EAD0FB1A288C679900C47176 /* LaunchStruct.swift */ = {isa = PBXFileReference; lastKnownFileType = sourcecode.swift; path = LaunchStruct.swift; sourceTree = "<group>"; };
		EAD70A0A288C080B00672CD6 /* SettingsCellViewModel.swift */ = {isa = PBXFileReference; lastKnownFileType = sourcecode.swift; path = SettingsCellViewModel.swift; sourceTree = "<group>"; };
		EAD70A0C288C081F00672CD6 /* SettingsCell.swift */ = {isa = PBXFileReference; lastKnownFileType = sourcecode.swift; path = SettingsCell.swift; sourceTree = "<group>"; };
/* End PBXFileReference section */

/* Begin PBXFrameworksBuildPhase section */
		EA3A1B7528689D8900987CBB /* Frameworks */ = {
			isa = PBXFrameworksBuildPhase;
			buildActionMask = 2147483647;
			files = (
				A3351AEFFF2B92BF65D96324 /* Pods_Rocket_Launcher.framework in Frameworks */,
			);
			runOnlyForDeploymentPostprocessing = 0;
		};
/* End PBXFrameworksBuildPhase section */

/* Begin PBXGroup section */
		A267B73D7109117B4CFA67BA /* Frameworks */ = {
			isa = PBXGroup;
			children = (
				88EB6CA8934FDBA3034D4012 /* Pods_Rocket_Launcher.framework */,
			);
			name = Frameworks;
			sourceTree = "<group>";
		};
		D0629448E72CFC7D3408C73C /* Pods */ = {
			isa = PBXGroup;
			children = (
				99FBC16584048B11A46F60ED /* Pods-Rocket Launcher.debug.xcconfig */,
				225DDEDFC1C3F5E8C72966DD /* Pods-Rocket Launcher.release.xcconfig */,
			);
			path = Pods;
			sourceTree = "<group>";
		};
		EA3042B128856F9E00C15B9C /* View */ = {
			isa = PBXGroup;
			children = (
				EA4D1392288AB20F00700DA1 /* InfoPageViewController.swift */,
				EA3A1B7F28689D8900987CBB /* InfoScreenViewController.swift */,
				EA91F6612888026C00B63A4D /* InfoScreenCollectionView */,
			);
			path = View;
			sourceTree = "<group>";
		};
		EA3042C028858E1600C15B9C /* ViewModel */ = {
			isa = PBXGroup;
			children = (
				EA3042BE28858D7E00C15B9C /* InfoScreenViewModel.swift */,
			);
			path = ViewModel;
			sourceTree = "<group>";
		};
		EA3A1B6F28689D8900987CBB = {
			isa = PBXGroup;
			children = (
				EA3A1B7A28689D8900987CBB /* Rocket Launcher */,
				EA3A1B7928689D8900987CBB /* Products */,
				D0629448E72CFC7D3408C73C /* Pods */,
				A267B73D7109117B4CFA67BA /* Frameworks */,
			);
			sourceTree = "<group>";
		};
		EA3A1B7928689D8900987CBB /* Products */ = {
			isa = PBXGroup;
			children = (
				EA3A1B7828689D8900987CBB /* Rocket Launcher.app */,
			);
			name = Products;
			sourceTree = "<group>";
		};
		EA3A1B7A28689D8900987CBB /* Rocket Launcher */ = {
			isa = PBXGroup;
			children = (
				EA3A1B8F2868A5A800987CBB /* Core */,
				EA3A1B912868A5B100987CBB /* Modules */,
				EA3A1B902868A5AC00987CBB /* Storyboards */,
				EA3A1B8428689D8A00987CBB /* Assets.xcassets */,
				EA3A1B8928689D8A00987CBB /* Info.plist */,
			);
			path = "Rocket Launcher";
			sourceTree = "<group>";
		};
		EA3A1B8F2868A5A800987CBB /* Core */ = {
			isa = PBXGroup;
			children = (
				EA3A1B7B28689D8900987CBB /* AppDelegate.swift */,
				EA3A1B7D28689D8900987CBB /* SceneDelegate.swift */,
			);
			path = Core;
			sourceTree = "<group>";
		};
		EA3A1B902868A5AC00987CBB /* Storyboards */ = {
			isa = PBXGroup;
			children = (
				EA3A1B8128689D8900987CBB /* Main.storyboard */,
				EA3A1B8628689D8A00987CBB /* LaunchScreen.storyboard */,
			);
			path = Storyboards;
			sourceTree = "<group>";
		};
		EA3A1B912868A5B100987CBB /* Modules */ = {
			isa = PBXGroup;
			children = (
				EA3A1B9E2868B43D00987CBB /* Model */,
				EA3A1BA12868B4AC00987CBB /* MainScreens */,
				EA91F65F2887FC7600B63A4D /* Extensions.swift */,
			);
			path = Modules;
			sourceTree = "<group>";
		};
		EA3A1B922868A70100987CBB /* InfoScreen */ = {
			isa = PBXGroup;
			children = (
				EA3042B128856F9E00C15B9C /* View */,
				EA3042C028858E1600C15B9C /* ViewModel */,
			);
			path = InfoScreen;
			sourceTree = "<group>";
		};
		EA3A1B932868A74B00987CBB /* LaunchScreen */ = {
			isa = PBXGroup;
			children = (
				EA911DEC288AEF6E00950038 /* View */,
				EA50C280288D43730069F7E7 /* LaunchCellViewModel.swift */,
			);
			path = LaunchScreen;
			sourceTree = "<group>";
		};
		EA3A1B942868A75200987CBB /* SettingsScreen */ = {
			isa = PBXGroup;
			children = (
				EAD70A09288C080300672CD6 /* View */,
				EAD70A0A288C080B00672CD6 /* SettingsCellViewModel.swift */,
			);
			path = SettingsScreen;
			sourceTree = "<group>";
		};
		EA3A1B9E2868B43D00987CBB /* Model */ = {
			isa = PBXGroup;
			children = (
				EA3A1B9F2868B44C00987CBB /* RocketStruct.swift */,
				EAD0FB1A288C679900C47176 /* LaunchStruct.swift */,
				EABEEFE52868B9B9002E4D4D /* JSONParser.swift */,
			);
			path = Model;
			sourceTree = "<group>";
		};
		EA3A1BA12868B4AC00987CBB /* MainScreens */ = {
			isa = PBXGroup;
			children = (
				EA3A1B922868A70100987CBB /* InfoScreen */,
				EA3A1B932868A74B00987CBB /* LaunchScreen */,
				EA3A1B942868A75200987CBB /* SettingsScreen */,
			);
			path = MainScreens;
			sourceTree = "<group>";
		};
		EA911DEC288AEF6E00950038 /* View */ = {
			isa = PBXGroup;
			children = (
				EA3A1B972868A78300987CBB /* LaunchScreenViewController.swift */,
				EA50C282288D43D90069F7E7 /* LaunchCellView.swift */,
				EA50C27E288D43610069F7E7 /* LaunchCell.swift */,
			);
			path = View;
			sourceTree = "<group>";
		};
		EA91F6612888026C00B63A4D /* InfoScreenCollectionView */ = {
			isa = PBXGroup;
			children = (
				EAAC4B212889274A00BC2414 /* InfoScreenCollectionView.swift */,
				EAAC4B2628892FF000BC2414 /* Layout.swift */,
				EAAC4B2828897DFC00BC2414 /* Cells */,
			);
			path = InfoScreenCollectionView;
			sourceTree = "<group>";
		};
		EAAC4B2828897DFC00BC2414 /* Cells */ = {
			isa = PBXGroup;
			children = (
				EAAC4B2428892ABB00BC2414 /* ParametrsCell.swift */,
				EAAC4B2928897E0000BC2414 /* LabelCell.swift */,
				EAAC4B2F2889829200BC2414 /* SetupLabels.swift */,
			);
			path = Cells;
			sourceTree = "<group>";
		};
		EAD70A09288C080300672CD6 /* View */ = {
			isa = PBXGroup;
			children = (
				EA3A1B992868A7A300987CBB /* SettingsScreenViewController.swift */,
				EAD70A0C288C081F00672CD6 /* SettingsCell.swift */,
			);
			path = View;
			sourceTree = "<group>";
		};
/* End PBXGroup section */

/* Begin PBXNativeTarget section */
		EA3A1B7728689D8900987CBB /* Rocket Launcher */ = {
			isa = PBXNativeTarget;
			buildConfigurationList = EA3A1B8C28689D8A00987CBB /* Build configuration list for PBXNativeTarget "Rocket Launcher" */;
			buildPhases = (
				7FEC06EB8DF23272C4F27EB6 /* [CP] Check Pods Manifest.lock */,
				EA3A1B7428689D8900987CBB /* Sources */,
				EA3A1B7528689D8900987CBB /* Frameworks */,
				EA3A1B7628689D8900987CBB /* Resources */,
				F27E75A07C9D934059F1FF4A /* [CP] Embed Pods Frameworks */,
			);
			buildRules = (
			);
			dependencies = (
			);
			name = "Rocket Launcher";
			productName = "Rocket Launcher";
			productReference = EA3A1B7828689D8900987CBB /* Rocket Launcher.app */;
			productType = "com.apple.product-type.application";
		};
/* End PBXNativeTarget section */

/* Begin PBXProject section */
		EA3A1B7028689D8900987CBB /* Project object */ = {
			isa = PBXProject;
			attributes = {
				BuildIndependentTargetsInParallel = 1;
				LastSwiftUpdateCheck = 1330;
				LastUpgradeCheck = 1330;
				TargetAttributes = {
					EA3A1B7728689D8900987CBB = {
						CreatedOnToolsVersion = 13.3.1;
					};
				};
			};
			buildConfigurationList = EA3A1B7328689D8900987CBB /* Build configuration list for PBXProject "Rocket Launcher" */;
			compatibilityVersion = "Xcode 13.0";
			developmentRegion = en;
			hasScannedForEncodings = 0;
			knownRegions = (
				en,
				Base,
			);
			mainGroup = EA3A1B6F28689D8900987CBB;
			productRefGroup = EA3A1B7928689D8900987CBB /* Products */;
			projectDirPath = "";
			projectRoot = "";
			targets = (
				EA3A1B7728689D8900987CBB /* Rocket Launcher */,
			);
		};
/* End PBXProject section */

/* Begin PBXResourcesBuildPhase section */
		EA3A1B7628689D8900987CBB /* Resources */ = {
			isa = PBXResourcesBuildPhase;
			buildActionMask = 2147483647;
			files = (
				EA3A1B8828689D8A00987CBB /* LaunchScreen.storyboard in Resources */,
				EA3A1B8528689D8A00987CBB /* Assets.xcassets in Resources */,
				EA3A1B8328689D8900987CBB /* Main.storyboard in Resources */,
			);
			runOnlyForDeploymentPostprocessing = 0;
		};
/* End PBXResourcesBuildPhase section */

/* Begin PBXShellScriptBuildPhase section */
		7FEC06EB8DF23272C4F27EB6 /* [CP] Check Pods Manifest.lock */ = {
			isa = PBXShellScriptBuildPhase;
			buildActionMask = 2147483647;
			files = (
			);
			inputFileListPaths = (
			);
			inputPaths = (
				"${PODS_PODFILE_DIR_PATH}/Podfile.lock",
				"${PODS_ROOT}/Manifest.lock",
			);
			name = "[CP] Check Pods Manifest.lock";
			outputFileListPaths = (
			);
			outputPaths = (
				"$(DERIVED_FILE_DIR)/Pods-Rocket Launcher-checkManifestLockResult.txt",
			);
			runOnlyForDeploymentPostprocessing = 0;
			shellPath = /bin/sh;
			shellScript = "diff \"${PODS_PODFILE_DIR_PATH}/Podfile.lock\" \"${PODS_ROOT}/Manifest.lock\" > /dev/null\nif [ $? != 0 ] ; then\n    # print error to STDERR\n    echo \"error: The sandbox is not in sync with the Podfile.lock. Run 'pod install' or update your CocoaPods installation.\" >&2\n    exit 1\nfi\n# This output is used by Xcode 'outputs' to avoid re-running this script phase.\necho \"SUCCESS\" > \"${SCRIPT_OUTPUT_FILE_0}\"\n";
			showEnvVarsInLog = 0;
		};
		F27E75A07C9D934059F1FF4A /* [CP] Embed Pods Frameworks */ = {
			isa = PBXShellScriptBuildPhase;
			buildActionMask = 2147483647;
			files = (
			);
			inputFileListPaths = (
				"${PODS_ROOT}/Target Support Files/Pods-Rocket Launcher/Pods-Rocket Launcher-frameworks-${CONFIGURATION}-input-files.xcfilelist",
			);
			name = "[CP] Embed Pods Frameworks";
			outputFileListPaths = (
				"${PODS_ROOT}/Target Support Files/Pods-Rocket Launcher/Pods-Rocket Launcher-frameworks-${CONFIGURATION}-output-files.xcfilelist",
			);
			runOnlyForDeploymentPostprocessing = 0;
			shellPath = /bin/sh;
			shellScript = "\"${PODS_ROOT}/Target Support Files/Pods-Rocket Launcher/Pods-Rocket Launcher-frameworks.sh\"\n";
			showEnvVarsInLog = 0;
		};
/* End PBXShellScriptBuildPhase section */

/* Begin PBXSourcesBuildPhase section */
		EA3A1B7428689D8900987CBB /* Sources */ = {
			isa = PBXSourcesBuildPhase;
			buildActionMask = 2147483647;
			files = (
				EA3A1B982868A78300987CBB /* LaunchScreenViewController.swift in Sources */,
				EABEEFE62868B9B9002E4D4D /* JSONParser.swift in Sources */,
				EA3A1BA02868B44C00987CBB /* RocketStruct.swift in Sources */,
				EAD70A0B288C080B00672CD6 /* SettingsCellViewModel.swift in Sources */,
				EA4D1393288AB20F00700DA1 /* InfoPageViewController.swift in Sources */,
				EA3A1B8028689D8900987CBB /* InfoScreenViewController.swift in Sources */,
				EA3A1B7C28689D8900987CBB /* AppDelegate.swift in Sources */,
				EA50C281288D43730069F7E7 /* LaunchCellViewModel.swift in Sources */,
				EAD0FB1B288C679900C47176 /* LaunchStruct.swift in Sources */,
				EA50C27F288D43610069F7E7 /* LaunchCell.swift in Sources */,
				EA3A1B7E28689D8900987CBB /* SceneDelegate.swift in Sources */,
				EA3042BF28858D7E00C15B9C /* InfoScreenViewModel.swift in Sources */,
				EAAC4B2528892ABB00BC2414 /* ParametrsCell.swift in Sources */,
				EAAC4B2728892FF000BC2414 /* Layout.swift in Sources */,
				EAD70A0D288C081F00672CD6 /* SettingsCell.swift in Sources */,
				EA50C283288D43D90069F7E7 /* LaunchCellView.swift in Sources */,
				EA3A1B9A2868A7A300987CBB /* SettingsScreenViewController.swift in Sources */,
				EAAC4B222889274A00BC2414 /* InfoScreenCollectionView.swift in Sources */,
				EAAC4B2A28897E0000BC2414 /* LabelCell.swift in Sources */,
				EA91F6602887FC7600B63A4D /* Extensions.swift in Sources */,
				EAAC4B302889829200BC2414 /* SetupLabels.swift in Sources */,
			);
			runOnlyForDeploymentPostprocessing = 0;
		};
/* End PBXSourcesBuildPhase section */

/* Begin PBXVariantGroup section */
		EA3A1B8128689D8900987CBB /* Main.storyboard */ = {
			isa = PBXVariantGroup;
			children = (
				EA3A1B8228689D8900987CBB /* Base */,
			);
			name = Main.storyboard;
			sourceTree = "<group>";
		};
		EA3A1B8628689D8A00987CBB /* LaunchScreen.storyboard */ = {
			isa = PBXVariantGroup;
			children = (
				EA3A1B8728689D8A00987CBB /* Base */,
			);
			name = LaunchScreen.storyboard;
			sourceTree = "<group>";
		};
/* End PBXVariantGroup section */

/* Begin XCBuildConfiguration section */
		EA3A1B8A28689D8A00987CBB /* Debug */ = {
			isa = XCBuildConfiguration;
			buildSettings = {
				ALWAYS_SEARCH_USER_PATHS = NO;
				CLANG_ANALYZER_NONNULL = YES;
				CLANG_ANALYZER_NUMBER_OBJECT_CONVERSION = YES_AGGRESSIVE;
				CLANG_CXX_LANGUAGE_STANDARD = "gnu++17";
				CLANG_ENABLE_MODULES = YES;
				CLANG_ENABLE_OBJC_ARC = YES;
				CLANG_ENABLE_OBJC_WEAK = YES;
				CLANG_WARN_BLOCK_CAPTURE_AUTORELEASING = YES;
				CLANG_WARN_BOOL_CONVERSION = YES;
				CLANG_WARN_COMMA = YES;
				CLANG_WARN_CONSTANT_CONVERSION = YES;
				CLANG_WARN_DEPRECATED_OBJC_IMPLEMENTATIONS = YES;
				CLANG_WARN_DIRECT_OBJC_ISA_USAGE = YES_ERROR;
				CLANG_WARN_DOCUMENTATION_COMMENTS = YES;
				CLANG_WARN_EMPTY_BODY = YES;
				CLANG_WARN_ENUM_CONVERSION = YES;
				CLANG_WARN_INFINITE_RECURSION = YES;
				CLANG_WARN_INT_CONVERSION = YES;
				CLANG_WARN_NON_LITERAL_NULL_CONVERSION = YES;
				CLANG_WARN_OBJC_IMPLICIT_RETAIN_SELF = YES;
				CLANG_WARN_OBJC_LITERAL_CONVERSION = YES;
				CLANG_WARN_OBJC_ROOT_CLASS = YES_ERROR;
				CLANG_WARN_QUOTED_INCLUDE_IN_FRAMEWORK_HEADER = YES;
				CLANG_WARN_RANGE_LOOP_ANALYSIS = YES;
				CLANG_WARN_STRICT_PROTOTYPES = YES;
				CLANG_WARN_SUSPICIOUS_MOVE = YES;
				CLANG_WARN_UNGUARDED_AVAILABILITY = YES_AGGRESSIVE;
				CLANG_WARN_UNREACHABLE_CODE = YES;
				CLANG_WARN__DUPLICATE_METHOD_MATCH = YES;
				COPY_PHASE_STRIP = NO;
				DEBUG_INFORMATION_FORMAT = dwarf;
				ENABLE_STRICT_OBJC_MSGSEND = YES;
				ENABLE_TESTABILITY = YES;
				GCC_C_LANGUAGE_STANDARD = gnu11;
				GCC_DYNAMIC_NO_PIC = NO;
				GCC_NO_COMMON_BLOCKS = YES;
				GCC_OPTIMIZATION_LEVEL = 0;
				GCC_PREPROCESSOR_DEFINITIONS = (
					"DEBUG=1",
					"$(inherited)",
				);
				GCC_WARN_64_TO_32_BIT_CONVERSION = YES;
				GCC_WARN_ABOUT_RETURN_TYPE = YES_ERROR;
				GCC_WARN_UNDECLARED_SELECTOR = YES;
				GCC_WARN_UNINITIALIZED_AUTOS = YES_AGGRESSIVE;
				GCC_WARN_UNUSED_FUNCTION = YES;
				GCC_WARN_UNUSED_VARIABLE = YES;
				IPHONEOS_DEPLOYMENT_TARGET = 15.4;
				MTL_ENABLE_DEBUG_INFO = INCLUDE_SOURCE;
				MTL_FAST_MATH = YES;
				ONLY_ACTIVE_ARCH = YES;
				SDKROOT = iphoneos;
				SWIFT_ACTIVE_COMPILATION_CONDITIONS = DEBUG;
				SWIFT_OPTIMIZATION_LEVEL = "-Onone";
			};
			name = Debug;
		};
		EA3A1B8B28689D8A00987CBB /* Release */ = {
			isa = XCBuildConfiguration;
			buildSettings = {
				ALWAYS_SEARCH_USER_PATHS = NO;
				CLANG_ANALYZER_NONNULL = YES;
				CLANG_ANALYZER_NUMBER_OBJECT_CONVERSION = YES_AGGRESSIVE;
				CLANG_CXX_LANGUAGE_STANDARD = "gnu++17";
				CLANG_ENABLE_MODULES = YES;
				CLANG_ENABLE_OBJC_ARC = YES;
				CLANG_ENABLE_OBJC_WEAK = YES;
				CLANG_WARN_BLOCK_CAPTURE_AUTORELEASING = YES;
				CLANG_WARN_BOOL_CONVERSION = YES;
				CLANG_WARN_COMMA = YES;
				CLANG_WARN_CONSTANT_CONVERSION = YES;
				CLANG_WARN_DEPRECATED_OBJC_IMPLEMENTATIONS = YES;
				CLANG_WARN_DIRECT_OBJC_ISA_USAGE = YES_ERROR;
				CLANG_WARN_DOCUMENTATION_COMMENTS = YES;
				CLANG_WARN_EMPTY_BODY = YES;
				CLANG_WARN_ENUM_CONVERSION = YES;
				CLANG_WARN_INFINITE_RECURSION = YES;
				CLANG_WARN_INT_CONVERSION = YES;
				CLANG_WARN_NON_LITERAL_NULL_CONVERSION = YES;
				CLANG_WARN_OBJC_IMPLICIT_RETAIN_SELF = YES;
				CLANG_WARN_OBJC_LITERAL_CONVERSION = YES;
				CLANG_WARN_OBJC_ROOT_CLASS = YES_ERROR;
				CLANG_WARN_QUOTED_INCLUDE_IN_FRAMEWORK_HEADER = YES;
				CLANG_WARN_RANGE_LOOP_ANALYSIS = YES;
				CLANG_WARN_STRICT_PROTOTYPES = YES;
				CLANG_WARN_SUSPICIOUS_MOVE = YES;
				CLANG_WARN_UNGUARDED_AVAILABILITY = YES_AGGRESSIVE;
				CLANG_WARN_UNREACHABLE_CODE = YES;
				CLANG_WARN__DUPLICATE_METHOD_MATCH = YES;
				COPY_PHASE_STRIP = NO;
				DEBUG_INFORMATION_FORMAT = "dwarf-with-dsym";
				ENABLE_NS_ASSERTIONS = NO;
				ENABLE_STRICT_OBJC_MSGSEND = YES;
				GCC_C_LANGUAGE_STANDARD = gnu11;
				GCC_NO_COMMON_BLOCKS = YES;
				GCC_WARN_64_TO_32_BIT_CONVERSION = YES;
				GCC_WARN_ABOUT_RETURN_TYPE = YES_ERROR;
				GCC_WARN_UNDECLARED_SELECTOR = YES;
				GCC_WARN_UNINITIALIZED_AUTOS = YES_AGGRESSIVE;
				GCC_WARN_UNUSED_FUNCTION = YES;
				GCC_WARN_UNUSED_VARIABLE = YES;
				IPHONEOS_DEPLOYMENT_TARGET = 15.4;
				MTL_ENABLE_DEBUG_INFO = NO;
				MTL_FAST_MATH = YES;
				SDKROOT = iphoneos;
				SWIFT_COMPILATION_MODE = wholemodule;
				SWIFT_OPTIMIZATION_LEVEL = "-O";
				VALIDATE_PRODUCT = YES;
			};
			name = Release;
		};
		EA3A1B8D28689D8A00987CBB /* Debug */ = {
			isa = XCBuildConfiguration;
			baseConfigurationReference = 99FBC16584048B11A46F60ED /* Pods-Rocket Launcher.debug.xcconfig */;
			buildSettings = {
				ASSETCATALOG_COMPILER_APPICON_NAME = AppIcon;
				ASSETCATALOG_COMPILER_GLOBAL_ACCENT_COLOR_NAME = AccentColor;
				CODE_SIGN_STYLE = Automatic;
				CURRENT_PROJECT_VERSION = 1;
				DEVELOPMENT_TEAM = TTGBN2B7N7;
				GENERATE_INFOPLIST_FILE = YES;
				INFOPLIST_FILE = "Rocket Launcher/Info.plist";
				INFOPLIST_KEY_UIApplicationSupportsIndirectInputEvents = YES;
				INFOPLIST_KEY_UILaunchStoryboardName = LaunchScreen;
				INFOPLIST_KEY_UIMainStoryboardFile = Main;
				INFOPLIST_KEY_UISupportedInterfaceOrientations_iPad = "UIInterfaceOrientationPortrait UIInterfaceOrientationPortraitUpsideDown UIInterfaceOrientationLandscapeLeft UIInterfaceOrientationLandscapeRight";
				INFOPLIST_KEY_UISupportedInterfaceOrientations_iPhone = "UIInterfaceOrientationPortrait UIInterfaceOrientationLandscapeLeft UIInterfaceOrientationLandscapeRight";
				LD_RUNPATH_SEARCH_PATHS = (
					"$(inherited)",
					"@executable_path/Frameworks",
				);
				MARKETING_VERSION = 1.0;
				PRODUCT_BUNDLE_IDENTIFIER = "eeeyyeeezz.Rocket-Launcher";
				PRODUCT_NAME = "$(TARGET_NAME)";
				SWIFT_EMIT_LOC_STRINGS = YES;
				SWIFT_VERSION = 5.0;
				TARGETED_DEVICE_FAMILY = "1,2";
			};
			name = Debug;
		};
		EA3A1B8E28689D8A00987CBB /* Release */ = {
			isa = XCBuildConfiguration;
			baseConfigurationReference = 225DDEDFC1C3F5E8C72966DD /* Pods-Rocket Launcher.release.xcconfig */;
			buildSettings = {
				ASSETCATALOG_COMPILER_APPICON_NAME = AppIcon;
				ASSETCATALOG_COMPILER_GLOBAL_ACCENT_COLOR_NAME = AccentColor;
				CODE_SIGN_STYLE = Automatic;
				CURRENT_PROJECT_VERSION = 1;
				DEVELOPMENT_TEAM = TTGBN2B7N7;
				GENERATE_INFOPLIST_FILE = YES;
				INFOPLIST_FILE = "Rocket Launcher/Info.plist";
				INFOPLIST_KEY_UIApplicationSupportsIndirectInputEvents = YES;
				INFOPLIST_KEY_UILaunchStoryboardName = LaunchScreen;
				INFOPLIST_KEY_UIMainStoryboardFile = Main;
				INFOPLIST_KEY_UISupportedInterfaceOrientations_iPad = "UIInterfaceOrientationPortrait UIInterfaceOrientationPortraitUpsideDown UIInterfaceOrientationLandscapeLeft UIInterfaceOrientationLandscapeRight";
				INFOPLIST_KEY_UISupportedInterfaceOrientations_iPhone = "UIInterfaceOrientationPortrait UIInterfaceOrientationLandscapeLeft UIInterfaceOrientationLandscapeRight";
				LD_RUNPATH_SEARCH_PATHS = (
					"$(inherited)",
					"@executable_path/Frameworks",
				);
				MARKETING_VERSION = 1.0;
				PRODUCT_BUNDLE_IDENTIFIER = "eeeyyeeezz.Rocket-Launcher";
				PRODUCT_NAME = "$(TARGET_NAME)";
				SWIFT_EMIT_LOC_STRINGS = YES;
				SWIFT_VERSION = 5.0;
				TARGETED_DEVICE_FAMILY = "1,2";
			};
			name = Release;
		};
/* End XCBuildConfiguration section */

/* Begin XCConfigurationList section */
		EA3A1B7328689D8900987CBB /* Build configuration list for PBXProject "Rocket Launcher" */ = {
			isa = XCConfigurationList;
			buildConfigurations = (
				EA3A1B8A28689D8A00987CBB /* Debug */,
				EA3A1B8B28689D8A00987CBB /* Release */,
			);
			defaultConfigurationIsVisible = 0;
			defaultConfigurationName = Release;
		};
		EA3A1B8C28689D8A00987CBB /* Build configuration list for PBXNativeTarget "Rocket Launcher" */ = {
			isa = XCConfigurationList;
			buildConfigurations = (
				EA3A1B8D28689D8A00987CBB /* Debug */,
				EA3A1B8E28689D8A00987CBB /* Release */,
			);
			defaultConfigurationIsVisible = 0;
			defaultConfigurationName = Release;
		};
/* End XCConfigurationList section */
	};
	rootObject = EA3A1B7028689D8900987CBB /* Project object */;
}
